
Microsoft Visual Studio Solution File, Format Version 12.00
# Visual Studio Version 16
VisualStudioVersion = 16.0.31515.178
MinimumVisualStudioVersion = 10.0.40219.1
Project("{FAE04EC0-301F-11D3-BF4B-00C04F79EFBC}") = "Assignment_6", "Assignment_6\Assignment_6.csproj", "{41BF7840-894D-49E8-852B-C8877B480D2E}"
EndProject
Global
	GlobalSection(SolutionConfigurationPlatforms) = preSolution
		Debug|Any CPU = Debug|Any CPU
		Release|Any CPU = Release|Any CPU
	EndGlobalSection
	GlobalSection(ProjectConfigurationPlatforms) = postSolution
		{41BF7840-894D-49E8-852B-C8877B480D2E}.Debug|Any CPU.ActiveCfg = Debug|Any CPU
		{41BF7840-894D-49E8-852B-C8877B480D2E}.Debug|Any CPU.Build.0 = Debug|Any CPU
		{41BF7840-894D-49E8-852B-C8877B480D2E}.Release|Any CPU.ActiveCfg = Release|Any CPU
		{41BF7840-894D-49E8-852B-C8877B480D2E}.Release|Any CPU.Build.0 = Release|Any CPU
	EndGlobalSection
	GlobalSection(SolutionProperties) = preSolution
		HideSolutionNode = FALSE
	EndGlobalSection
	GlobalSection(ExtensibilityGlobals) = postSolution
		SolutionGuid = {679861E6-B89D-4E43-82F1-3C0247A5E33E}
	EndGlobalSection
EndGlobal
